
Microsoft Visual Studio Solution File, Format Version 12.00
# Visual Studio Version 17
VisualStudioVersion = 17.2.32602.215
MinimumVisualStudioVersion = 10.0.40219.1
Project("{8BC9CEB8-8B4A-11D0-8D11-00A0C91BC942}") = "Sandbox", "Sandbox\Sandbox.vcxproj", "{BEFBC182-518D-4B6E-8FC2-4D8095504C87}"
EndProject
Project("{8BC9CEB8-8B4A-11D0-8D11-00A0C91BC942}") = "Arctius", "Arctius\Arctius.vcxproj", "{4C4C7D90-2971-4F80-A76C-6150A3DF1D86}"
EndProject
Global
	GlobalSection(SolutionConfigurationPlatforms) = preSolution
		Debug|x64 = Debug|x64
		Release|x64 = Release|x64
	EndGlobalSection
	GlobalSection(ProjectConfigurationPlatforms) = postSolution
		{4C4C7D90-2971-4F80-A76C-6150A3DF1D86}.Debug|x64.ActiveCfg = Debug|x64
		{4C4C7D90-2971-4F80-A76C-6150A3DF1D86}.Debug|x64.Build.0 = Debug|x64
		{4C4C7D90-2971-4F80-A76C-6150A3DF1D86}.Release|x64.ActiveCfg = Release|x64
		{4C4C7D90-2971-4F80-A76C-6150A3DF1D86}.Release|x64.Build.0 = Release|x64
		{BEFBC182-518D-4B6E-8FC2-4D8095504C87}.Debug|x64.ActiveCfg = Debug|x64
		{BEFBC182-518D-4B6E-8FC2-4D8095504C87}.Debug|x64.Build.0 = Debug|x64
		{BEFBC182-518D-4B6E-8FC2-4D8095504C87}.Release|x64.ActiveCfg = Release|x64
		{BEFBC182-518D-4B6E-8FC2-4D8095504C87}.Release|x64.Build.0 = Release|x64
	EndGlobalSection
	GlobalSection(SolutionProperties) = preSolution
		HideSolutionNode = FALSE
	EndGlobalSection
	GlobalSection(ExtensibilityGlobals) = postSolution
		SolutionGuid = {AC88941D-F2BE-437A-997A-15909D24EF46}
	EndGlobalSection
EndGlobal
