<?xml version="1.0" encoding="utf-8"?>
<Project ToolsVersion="4.0" xmlns="http://schemas.microsoft.com/developer/msbuild/2003">
  <ItemGroup>
    <Filter Include="Arctius">
      <UniqueIdentifier>{200676A0-8CE5-F43B-95FD-7F12015C5B9D}</UniqueIdentifier>
    </Filter>
  </ItemGroup>
  <ItemGroup>
    <ClInclude Include="src\Arctius.h" />
    <ClInclude Include="src\Arctius\Application.h">
      <Filter>Arctius</Filter>
    </ClInclude>
    <ClInclude Include="src\Arctius\Core.h">
      <Filter>Arctius</Filter>
    </ClInclude>
    <ClInclude Include="src\Arctius\EntryPoint.h">
      <Filter>Arctius</Filter>
    </ClInclude>
    <ClInclude Include="src\Arctius\Log.h">
      <Filter>Arctius</Filter>
    </ClInclude>
  </ItemGroup>
  <ItemGroup>
    <ClCompile Include="src\Arctius\Application.cpp">
      <Filter>Arctius</Filter>
    </ClCompile>
    <ClCompile Include="src\Arctius\Log.cpp">
      <Filter>Arctius</Filter>
    </ClCompile>
  </ItemGroup>
</Project>